{
  "name": "plugin",
  "lockfileVersion": 2,
  "requires": true,
  "packages": {
    "": {
      "dependencies": {
        "@fortawesome/fontawesome-free": "^7.1.0",
        "bootstrap": "^5.3.8",
        "chart.js": "^4.5.1",
        "datatables.net": "^1.13.7",
        "datatables.net-bs5": "^1.13.7",
        "datatables.net-responsive": "^2.5.0",
        "datatables.net-responsive-bs5": "^2.5.0",
        "jquery": "^3.7.1",
        "sweetalert2": "^11.26.3"
      }
    },
    "node_modules/@fortawesome/fontawesome-free": {
      "version": "7.1.0",
      "resolved": "https://registry.npmjs.org/@fortawesome/fontawesome-free/-/fontawesome-free-7.1.0.tgz",
      "integrity": "sha512-+WxNld5ZCJHvPQCr/GnzCTVREyStrAJjisUPtUxG5ngDA8TMlPnKp6dddlTpai4+1GNmltAeuk1hJEkBohwZYA==",
      "engines": {
        "node": ">=6"
      }
    },
    "node_modules/@kurkle/color": {
      "version": "0.3.4",
      "resolved": "https://registry.npmjs.org/@kurkle/color/-/color-0.3.4.tgz",
      "integrity": "sha512-M5UknZPHRu3DEDWoipU6sE8PdkZ6Z/S+v4dD+Ke8IaNlpdSQah50lz1KtcFBa2vsdOnwbbnxJwVM4wty6udA5w=="
    },
    "node_modules/@popperjs/core": {
      "version": "2.11.8",
      "resolved": "https://registry.npmjs.org/@popperjs/core/-/core-2.11.8.tgz",
      "integrity": "sha512-P1st0aksCrn9sGZhp8GMYwBnQsbvAWsZAX44oXNNvLHGqAOcoVxmjZiohstwQ7SqKnbR47akdNi+uleWD8+g6A==",
      "peer": true,
      "funding": {
        "type": "opencollective",
        "url": "https://opencollective.com/popperjs"
      }
    },
    "node_modules/bootstrap": {
      "version": "5.3.8",
      "resolved": "https://registry.npmjs.org/bootstrap/-/bootstrap-5.3.8.tgz",
      "integrity": "sha512-HP1SZDqaLDPwsNiqRqi5NcP0SSXciX2s9E+RyqJIIqGo+vJeN5AJVM98CXmW/Wux0nQ5L7jeWUdplCEf0Ee+tg==",
      "funding": [
        {
          "type": "github",
          "url": "https://github.com/sponsors/twbs"
        },
        {
          "type": "opencollective",
          "url": "https://opencollective.com/bootstrap"
        }
      ],
      "peerDependencies": {
        "@popperjs/core": "^2.11.8"
      }
    },
    "node_modules/chart.js": {
      "version": "4.5.1",
      "resolved": "https://registry.npmjs.org/chart.js/-/chart.js-4.5.1.tgz",
      "integrity": "sha512-GIjfiT9dbmHRiYi6Nl2yFCq7kkwdkp1W/lp2J99rX0yo9tgJGn3lKQATztIjb5tVtevcBtIdICNWqlq5+E8/Pw==",
      "dependencies": {
        "@kurkle/color": "^0.3.0"
      },
      "engines": {
        "pnpm": ">=8"
      }
    },
    "node_modules/datatables.net": {
      "version": "1.13.7",
      "resolved": "https://registry.npmjs.org/datatables.net/-/datatables.net-1.13.7.tgz",
      "integrity": "sha512-lbmcCSrMU8VTaGwgCxWs/jbP8NVJlzXaUkK3SiiZY7tTjRp7XJw4InlOU+XUVZ4i4B2GBxue02/P5iVto1CGDg==",
      "dependencies": {
        "jquery": ">=1.7"
      }
    },
    "node_modules/datatables.net-bs5": {
      "version": "1.13.7",
      "resolved": "https://registry.npmjs.org/datatables.net-bs5/-/datatables.net-bs5-1.13.7.tgz",
      "integrity": "sha512-saPdg9YEUlbnRn8BuMvLSUhcNMk3cMaLUxmeGOdoOvtSqTjWCp3WYLkSOXuW7SOsdkC9eQnC+DrFnHyMba7LOA==",
      "dependencies": {
        "datatables.net": "1.13.7",
        "jquery": ">=1.7"
      }
    },
    "node_modules/datatables.net-responsive": {
      "version": "2.5.0",
      "resolved": "https://registry.npmjs.org/datatables.net-responsive/-/datatables.net-responsive-2.5.0.tgz",
      "integrity": "sha512-GL7DFiRl5qqrp5ql54Psz92xTGPR0rMcrO3hzNxMfvcfpRGL5zFNTvMpTUh59Erm6u1+KoX+j+Ig1ZD3r0iFsA==",
      "dependencies": {
        "datatables.net": ">=1.13.4",
        "jquery": ">=1.7"
      }
    },
    "node_modules/datatables.net-responsive-bs5": {
      "version": "2.5.0",
      "resolved": "https://registry.npmjs.org/datatables.net-responsive-bs5/-/datatables.net-responsive-bs5-2.5.0.tgz",
      "integrity": "sha512-GklXpvBKOal11chL9l8RiQsvKYEZwxKA50pgwlkrbxrmRmqMH7+sMvLSE42QQCa5E5fWqtYsYdTY+SNkHfa+qA==",
      "dependencies": {
        "datatables.net-bs5": ">=1.13.4",
        "datatables.net-responsive": ">=2.4.1",
        "jquery": ">=1.7"
      }
    },
    "node_modules/jquery": {
      "version": "3.7.1",
      "resolved": "https://registry.npmjs.org/jquery/-/jquery-3.7.1.tgz",
      "integrity": "sha512-m4avr8yL8kmFN8psrbFFFmB/If14iN5o9nw/NgnnM+kybDJpRsAynV2BsfpTYrTRysYUdADVD7CkUUizgkpLfg=="
    },
    "node_modules/sweetalert2": {
      "version": "11.26.3",
      "resolved": "https://registry.npmjs.org/sweetalert2/-/sweetalert2-11.26.3.tgz",
      "integrity": "sha512-VU0hGw/WfI9h7Mh+SCsDlWgtxDwWZ6ccqS7QcO8zEeWnwplN1GptcLstq76OluUBSLUza6ldvKd3558OhjpJ9A==",
      "funding": {
        "type": "individual",
        "url": "https://github.com/sponsors/limonte"
      }
    }
  },
  "dependencies": {
    "@fortawesome/fontawesome-free": {
      "version": "7.1.0",
      "resolved": "https://registry.npmjs.org/@fortawesome/fontawesome-free/-/fontawesome-free-7.1.0.tgz",
      "integrity": "sha512-+WxNld5ZCJHvPQCr/GnzCTVREyStrAJjisUPtUxG5ngDA8TMlPnKp6dddlTpai4+1GNmltAeuk1hJEkBohwZYA=="
    },
    "@kurkle/color": {
      "version": "0.3.4",
      "resolved": "https://registry.npmjs.org/@kurkle/color/-/color-0.3.4.tgz",
      "integrity": "sha512-M5UknZPHRu3DEDWoipU6sE8PdkZ6Z/S+v4dD+Ke8IaNlpdSQah50lz1KtcFBa2vsdOnwbbnxJwVM4wty6udA5w=="
    },
    "@popperjs/core": {
      "version": "2.11.8",
      "resolved": "https://registry.npmjs.org/@popperjs/core/-/core-2.11.8.tgz",
      "integrity": "sha512-P1st0aksCrn9sGZhp8GMYwBnQsbvAWsZAX44oXNNvLHGqAOcoVxmjZiohstwQ7SqKnbR47akdNi+uleWD8+g6A==",
      "peer": true
    },
    "bootstrap": {
      "version": "5.3.8",
      "resolved": "https://registry.npmjs.org/bootstrap/-/bootstrap-5.3.8.tgz",
      "integrity": "sha512-HP1SZDqaLDPwsNiqRqi5NcP0SSXciX2s9E+RyqJIIqGo+vJeN5AJVM98CXmW/Wux0nQ5L7jeWUdplCEf0Ee+tg==",
      "requires": {}
    },
    "chart.js": {
      "version": "4.5.1",
      "resolved": "https://registry.npmjs.org/chart.js/-/chart.js-4.5.1.tgz",
      "integrity": "sha512-GIjfiT9dbmHRiYi6Nl2yFCq7kkwdkp1W/lp2J99rX0yo9tgJGn3lKQATztIjb5tVtevcBtIdICNWqlq5+E8/Pw==",
      "requires": {
        "@kurkle/color": "^0.3.0"
      }
    },
    "datatables.net": {
      "version": "1.13.7",
      "resolved": "https://registry.npmjs.org/datatables.net/-/datatables.net-1.13.7.tgz",
      "integrity": "sha512-lbmcCSrMU8VTaGwgCxWs/jbP8NVJlzXaUkK3SiiZY7tTjRp7XJw4InlOU+XUVZ4i4B2GBxue02/P5iVto1CGDg==",
      "requires": {
        "jquery": ">=1.7"
      }
    },
    "datatables.net-bs5": {
      "version": "1.13.7",
      "resolved": "https://registry.npmjs.org/datatables.net-bs5/-/datatables.net-bs5-1.13.7.tgz",
      "integrity": "sha512-saPdg9YEUlbnRn8BuMvLSUhcNMk3cMaLUxmeGOdoOvtSqTjWCp3WYLkSOXuW7SOsdkC9eQnC+DrFnHyMba7LOA==",
      "requires": {
        "datatables.net": "1.13.7",
        "jquery": ">=1.7"
      }
    },
    "datatables.net-responsive": {
      "version": "2.5.0",
      "resolved": "https://registry.npmjs.org/datatables.net-responsive/-/datatables.net-responsive-2.5.0.tgz",
      "integrity": "sha512-GL7DFiRl5qqrp5ql54Psz92xTGPR0rMcrO3hzNxMfvcfpRGL5zFNTvMpTUh59Erm6u1+KoX+j+Ig1ZD3r0iFsA==",
      "requires": {
        "datatables.net": ">=1.13.4",
        "jquery": ">=1.7"
      }
    },
    "datatables.net-responsive-bs5": {
      "version": "2.5.0",
      "resolved": "https://registry.npmjs.org/datatables.net-responsive-bs5/-/datatables.net-responsive-bs5-2.5.0.tgz",
      "integrity": "sha512-GklXpvBKOal11chL9l8RiQsvKYEZwxKA50pgwlkrbxrmRmqMH7+sMvLSE42QQCa5E5fWqtYsYdTY+SNkHfa+qA==",
      "requires": {
        "datatables.net-bs5": ">=1.13.4",
        "datatables.net-responsive": ">=2.4.1",
        "jquery": ">=1.7"
      }
    },
    "jquery": {
      "version": "3.7.1",
      "resolved": "https://registry.npmjs.org/jquery/-/jquery-3.7.1.tgz",
      "integrity": "sha512-m4avr8yL8kmFN8psrbFFFmB/If14iN5o9nw/NgnnM+kybDJpRsAynV2BsfpTYrTRysYUdADVD7CkUUizgkpLfg=="
    },
    "sweetalert2": {
      "version": "11.26.3",
      "resolved": "https://registry.npmjs.org/sweetalert2/-/sweetalert2-11.26.3.tgz",
      "integrity": "sha512-VU0hGw/WfI9h7Mh+SCsDlWgtxDwWZ6ccqS7QcO8zEeWnwplN1GptcLstq76OluUBSLUza6ldvKd3558OhjpJ9A=="
    }
  }
}
